
Microsoft Visual Studio Solution File, Format Version 12.00
# Visual Studio Version 17
VisualStudioVersion = 17.0.31903.59
MinimumVisualStudioVersion = 10.0.40219.1
Project("{2150E333-8FDC-42A3-9474-1A3956D46DE8}") = "src", "src", "{4B3BD197-D9BC-4988-A1DF-DC8075B49DB8}"
EndProject
Project("{2150E333-8FDC-42A3-9474-1A3956D46DE8}") = "Server", "Server", "{171373E8-F8D4-49CD-9491-CC8ADB52BB06}"
EndProject
Project("{FAE04EC0-301F-11D3-BF4B-00C04F79EFBC}") = "Ginkgo.Shared", "src\Server\Ginkgo.Shared\Ginkgo.Shared.csproj", "{1D99656F-2CDF-4114-9B6D-F2904828360B}"
EndProject
Project("{FAE04EC0-301F-11D3-BF4B-00C04F79EFBC}") = "Ginkgo.Plugin.Abstractions", "src\Server\Ginkgo.Plugin.Abstractions\Ginkgo.Plugin.Abstractions.csproj", "{E72BAD81-9545-446D-8694-1AB2D22620A7}"
EndProject
Project("{FAE04EC0-301F-11D3-BF4B-00C04F79EFBC}") = "Ginkgo.Domain", "src\Server\Ginkgo.Domain\Ginkgo.Domain.csproj", "{76A16DE9-A2C4-46A9-9D69-DDB160948D00}"
EndProject
Project("{FAE04EC0-301F-11D3-BF4B-00C04F79EFBC}") = "Ginkgo.Application", "src\Server\Ginkgo.Application\Ginkgo.Application.csproj", "{4F3E9EB9-B4D4-4E9A-9071-E74F907F9729}"
EndProject
Project("{FAE04EC0-301F-11D3-BF4B-00C04F79EFBC}") = "Ginkgo.Infrastructure", "src\Server\Ginkgo.Infrastructure\Ginkgo.Infrastructure.csproj", "{CEA18B57-6A6B-4897-8FE7-24B78305370E}"
EndProject
Project("{FAE04EC0-301F-11D3-BF4B-00C04F79EFBC}") = "Ginkgo.Realtime", "src\Server\Ginkgo.Realtime\Ginkgo.Realtime.csproj", "{9C236BCD-5A9F-41A8-BC93-8125F8942CAE}"
EndProject
Project("{FAE04EC0-301F-11D3-BF4B-00C04F79EFBC}") = "Ginkgo.Api", "src\Server\Ginkgo.Api\Ginkgo.Api.csproj", "{E6FF249D-3CD6-4702-800B-AFF4E8408D87}"
EndProject
Project("{FAE04EC0-301F-11D3-BF4B-00C04F79EFBC}") = "Ginkgo.ServerToolkit.Abstractions", "src\Server\Ginkgo.ServerToolkit.Abstractions\Ginkgo.ServerToolkit.Abstractions.csproj", "{3F9172DA-928B-48D2-82D7-7CE4B49F6A68}"
EndProject
Project("{FAE04EC0-301F-11D3-BF4B-00C04F79EFBC}") = "Ginkgo.ServerToolkit", "src\Server\Ginkgo.ServerToolkit\Ginkgo.ServerToolkit.csproj", "{1D10F21E-68FD-4175-9C78-78FCF75387D0}"
EndProject
Project("{FAE04EC0-301F-11D3-BF4B-00C04F79EFBC}") = "Ginkgo.ServerToolkit.AspNetCore", "src\Server\Ginkgo.ServerToolkit.AspNetCore\Ginkgo.ServerToolkit.AspNetCore.csproj", "{EED26CAC-73C3-42F2-B6D6-D4EDC694953D}"
EndProject
Project("{FAE04EC0-301F-11D3-BF4B-00C04F79EFBC}") = "Ginkgo.ServerToolkit.Email.Smtp", "src\Server\Ginkgo.ServerToolkit.Email.Smtp\Ginkgo.ServerToolkit.Email.Smtp.csproj", "{7D4AAD4F-FB43-43E2-9197-538A3CB41A89}"
EndProject
Project("{2150E333-8FDC-42A3-9474-1A3956D46DE8}") = "Tests", "Tests", "{AC95C5E5-AC06-4E93-9E25-E850B9A99346}"
EndProject
Project("{FAE04EC0-301F-11D3-BF4B-00C04F79EFBC}") = "Ginkgo.Tests.Unit", "src\Tests\Ginkgo.Tests.Unit\Ginkgo.Tests.Unit.csproj", "{133A08B6-5956-4839-82DC-34BC0358E384}"
EndProject
Project("{FAE04EC0-301F-11D3-BF4B-00C04F79EFBC}") = "Ginkgo.Infrastructure.Abstractions", "src\Server\Ginkgo.Infrastructure.Abstractions\Ginkgo.Infrastructure.Abstractions.csproj", "{EDAC4F36-F3AD-44E7-BA17-3ECFBB966A9C}"
EndProject
Global
	GlobalSection(SolutionConfigurationPlatforms) = preSolution
		Debug|Any CPU = Debug|Any CPU
		Release|Any CPU = Release|Any CPU
	EndGlobalSection
	GlobalSection(ProjectConfigurationPlatforms) = postSolution
		{1D99656F-2CDF-4114-9B6D-F2904828360B}.Debug|Any CPU.ActiveCfg = Debug|Any CPU
		{1D99656F-2CDF-4114-9B6D-F2904828360B}.Debug|Any CPU.Build.0 = Debug|Any CPU
		{1D99656F-2CDF-4114-9B6D-F2904828360B}.Release|Any CPU.ActiveCfg = Release|Any CPU
		{1D99656F-2CDF-4114-9B6D-F2904828360B}.Release|Any CPU.Build.0 = Release|Any CPU
		{E72BAD81-9545-446D-8694-1AB2D22620A7}.Debug|Any CPU.ActiveCfg = Debug|Any CPU
		{E72BAD81-9545-446D-8694-1AB2D22620A7}.Debug|Any CPU.Build.0 = Debug|Any CPU
		{E72BAD81-9545-446D-8694-1AB2D22620A7}.Release|Any CPU.ActiveCfg = Release|Any CPU
		{E72BAD81-9545-446D-8694-1AB2D22620A7}.Release|Any CPU.Build.0 = Release|Any CPU
		{76A16DE9-A2C4-46A9-9D69-DDB160948D00}.Debug|Any CPU.ActiveCfg = Debug|Any CPU
		{76A16DE9-A2C4-46A9-9D69-DDB160948D00}.Debug|Any CPU.Build.0 = Debug|Any CPU
		{76A16DE9-A2C4-46A9-9D69-DDB160948D00}.Release|Any CPU.ActiveCfg = Release|Any CPU
		{76A16DE9-A2C4-46A9-9D69-DDB160948D00}.Release|Any CPU.Build.0 = Release|Any CPU
		{4F3E9EB9-B4D4-4E9A-9071-E74F907F9729}.Debug|Any CPU.ActiveCfg = Debug|Any CPU
		{4F3E9EB9-B4D4-4E9A-9071-E74F907F9729}.Debug|Any CPU.Build.0 = Debug|Any CPU
		{4F3E9EB9-B4D4-4E9A-9071-E74F907F9729}.Release|Any CPU.ActiveCfg = Release|Any CPU
		{4F3E9EB9-B4D4-4E9A-9071-E74F907F9729}.Release|Any CPU.Build.0 = Release|Any CPU
		{CEA18B57-6A6B-4897-8FE7-24B78305370E}.Debug|Any CPU.ActiveCfg = Debug|Any CPU
		{CEA18B57-6A6B-4897-8FE7-24B78305370E}.Debug|Any CPU.Build.0 = Debug|Any CPU
		{CEA18B57-6A6B-4897-8FE7-24B78305370E}.Release|Any CPU.ActiveCfg = Release|Any CPU
		{CEA18B57-6A6B-4897-8FE7-24B78305370E}.Release|Any CPU.Build.0 = Release|Any CPU
		{9C236BCD-5A9F-41A8-BC93-8125F8942CAE}.Debug|Any CPU.ActiveCfg = Debug|Any CPU
		{9C236BCD-5A9F-41A8-BC93-8125F8942CAE}.Debug|Any CPU.Build.0 = Debug|Any CPU
		{9C236BCD-5A9F-41A8-BC93-8125F8942CAE}.Release|Any CPU.ActiveCfg = Release|Any CPU
		{9C236BCD-5A9F-41A8-BC93-8125F8942CAE}.Release|Any CPU.Build.0 = Release|Any CPU
		{E6FF249D-3CD6-4702-800B-AFF4E8408D87}.Debug|Any CPU.ActiveCfg = Debug|Any CPU
		{E6FF249D-3CD6-4702-800B-AFF4E8408D87}.Debug|Any CPU.Build.0 = Debug|Any CPU
		{E6FF249D-3CD6-4702-800B-AFF4E8408D87}.Release|Any CPU.ActiveCfg = Release|Any CPU
		{E6FF249D-3CD6-4702-800B-AFF4E8408D87}.Release|Any CPU.Build.0 = Release|Any CPU
		{3F9172DA-928B-48D2-82D7-7CE4B49F6A68}.Debug|Any CPU.ActiveCfg = Debug|Any CPU
		{3F9172DA-928B-48D2-82D7-7CE4B49F6A68}.Debug|Any CPU.Build.0 = Debug|Any CPU
		{3F9172DA-928B-48D2-82D7-7CE4B49F6A68}.Release|Any CPU.ActiveCfg = Release|Any CPU
		{3F9172DA-928B-48D2-82D7-7CE4B49F6A68}.Release|Any CPU.Build.0 = Release|Any CPU
		{1D10F21E-68FD-4175-9C78-78FCF75387D0}.Debug|Any CPU.ActiveCfg = Debug|Any CPU
		{1D10F21E-68FD-4175-9C78-78FCF75387D0}.Debug|Any CPU.Build.0 = Debug|Any CPU
		{1D10F21E-68FD-4175-9C78-78FCF75387D0}.Release|Any CPU.ActiveCfg = Release|Any CPU
		{1D10F21E-68FD-4175-9C78-78FCF75387D0}.Release|Any CPU.Build.0 = Release|Any CPU
		{EED26CAC-73C3-42F2-B6D6-D4EDC694953D}.Debug|Any CPU.ActiveCfg = Debug|Any CPU
		{EED26CAC-73C3-42F2-B6D6-D4EDC694953D}.Debug|Any CPU.Build.0 = Debug|Any CPU
		{EED26CAC-73C3-42F2-B6D6-D4EDC694953D}.Release|Any CPU.ActiveCfg = Release|Any CPU
		{EED26CAC-73C3-42F2-B6D6-D4EDC694953D}.Release|Any CPU.Build.0 = Release|Any CPU
		{7D4AAD4F-FB43-43E2-9197-538A3CB41A89}.Debug|Any CPU.ActiveCfg = Debug|Any CPU
		{7D4AAD4F-FB43-43E2-9197-538A3CB41A89}.Debug|Any CPU.Build.0 = Debug|Any CPU
		{7D4AAD4F-FB43-43E2-9197-538A3CB41A89}.Release|Any CPU.ActiveCfg = Release|Any CPU
		{7D4AAD4F-FB43-43E2-9197-538A3CB41A89}.Release|Any CPU.Build.0 = Release|Any CPU
		{133A08B6-5956-4839-82DC-34BC0358E384}.Debug|Any CPU.ActiveCfg = Debug|Any CPU
		{133A08B6-5956-4839-82DC-34BC0358E384}.Debug|Any CPU.Build.0 = Debug|Any CPU
		{133A08B6-5956-4839-82DC-34BC0358E384}.Release|Any CPU.ActiveCfg = Release|Any CPU
		{133A08B6-5956-4839-82DC-34BC0358E384}.Release|Any CPU.Build.0 = Release|Any CPU
		{EDAC4F36-F3AD-44E7-BA17-3ECFBB966A9C}.Debug|Any CPU.ActiveCfg = Debug|Any CPU
		{EDAC4F36-F3AD-44E7-BA17-3ECFBB966A9C}.Debug|Any CPU.Build.0 = Debug|Any CPU
		{EDAC4F36-F3AD-44E7-BA17-3ECFBB966A9C}.Release|Any CPU.ActiveCfg = Release|Any CPU
		{EDAC4F36-F3AD-44E7-BA17-3ECFBB966A9C}.Release|Any CPU.Build.0 = Release|Any CPU
	EndGlobalSection
	GlobalSection(SolutionProperties) = preSolution
		HideSolutionNode = FALSE
	EndGlobalSection
	GlobalSection(NestedProjects) = preSolution
		{171373E8-F8D4-49CD-9491-CC8ADB52BB06} = {4B3BD197-D9BC-4988-A1DF-DC8075B49DB8}
		{1D99656F-2CDF-4114-9B6D-F2904828360B} = {171373E8-F8D4-49CD-9491-CC8ADB52BB06}
		{E72BAD81-9545-446D-8694-1AB2D22620A7} = {171373E8-F8D4-49CD-9491-CC8ADB52BB06}
		{76A16DE9-A2C4-46A9-9D69-DDB160948D00} = {171373E8-F8D4-49CD-9491-CC8ADB52BB06}
		{4F3E9EB9-B4D4-4E9A-9071-E74F907F9729} = {171373E8-F8D4-49CD-9491-CC8ADB52BB06}
		{CEA18B57-6A6B-4897-8FE7-24B78305370E} = {171373E8-F8D4-49CD-9491-CC8ADB52BB06}
		{9C236BCD-5A9F-41A8-BC93-8125F8942CAE} = {171373E8-F8D4-49CD-9491-CC8ADB52BB06}
		{E6FF249D-3CD6-4702-800B-AFF4E8408D87} = {171373E8-F8D4-49CD-9491-CC8ADB52BB06}
		{3F9172DA-928B-48D2-82D7-7CE4B49F6A68} = {171373E8-F8D4-49CD-9491-CC8ADB52BB06}
		{1D10F21E-68FD-4175-9C78-78FCF75387D0} = {171373E8-F8D4-49CD-9491-CC8ADB52BB06}
		{EED26CAC-73C3-42F2-B6D6-D4EDC694953D} = {171373E8-F8D4-49CD-9491-CC8ADB52BB06}
		{7D4AAD4F-FB43-43E2-9197-538A3CB41A89} = {171373E8-F8D4-49CD-9491-CC8ADB52BB06}
		{AC95C5E5-AC06-4E93-9E25-E850B9A99346} = {4B3BD197-D9BC-4988-A1DF-DC8075B49DB8}
		{133A08B6-5956-4839-82DC-34BC0358E384} = {AC95C5E5-AC06-4E93-9E25-E850B9A99346}
		{EDAC4F36-F3AD-44E7-BA17-3ECFBB966A9C} = {171373E8-F8D4-49CD-9491-CC8ADB52BB06}
	EndGlobalSection
EndGlobal
